
Microsoft Visual Studio Solution File, Format Version 12.00
# Visual Studio Version 17
VisualStudioVersion = 17.9.34723.18
MinimumVisualStudioVersion = 10.0.40219.1
Project("{FAE04EC0-301F-11D3-BF4B-00C04F79EFBC}") = "TeraCyteHomeAssignment", "TeraCyteHomeAssignment\TeraCyteHomeAssignment.csproj", "{B6F6AF37-977F-467F-8FB0-DFE569417199}"
EndProject
Global
	GlobalSection(SolutionConfigurationPlatforms) = preSolution
		Debug|Any CPU = Debug|Any CPU
		Release|Any CPU = Release|Any CPU
	EndGlobalSection
	GlobalSection(ProjectConfigurationPlatforms) = postSolution
		{B6F6AF37-977F-467F-8FB0-DFE569417199}.Debug|Any CPU.ActiveCfg = Debug|Any CPU
		{B6F6AF37-977F-467F-8FB0-DFE569417199}.Debug|Any CPU.Build.0 = Debug|Any CPU
		{B6F6AF37-977F-467F-8FB0-DFE569417199}.Release|Any CPU.ActiveCfg = Release|Any CPU
		{B6F6AF37-977F-467F-8FB0-DFE569417199}.Release|Any CPU.Build.0 = Release|Any CPU
	EndGlobalSection
	GlobalSection(SolutionProperties) = preSolution
		HideSolutionNode = FALSE
	EndGlobalSection
	GlobalSection(ExtensibilityGlobals) = postSolution
		SolutionGuid = {75322099-4A94-4468-8055-01DF4CA882BF}
	EndGlobalSection
EndGlobal
